// !$*UTF8*$!
{
	archiveVersion = 1;
	classes = {
	};
	objectVersion = 56;
	objects = {

/* Begin PBXBuildFile section */
		C06589DC296E3CF300F3FF23 /* SnapKit in Frameworks */ = {isa = PBXBuildFile; productRef = C06589DB296E3CF300F3FF23 /* SnapKit */; };
		C06589DE296E547000F3FF23 /* Message.swift in Sources */ = {isa = PBXBuildFile; fileRef = C06589DD296E547000F3FF23 /* Message.swift */; };
		C06589E0296E54B600F3FF23 /* ChatTableViewCell.swift in Sources */ = {isa = PBXBuildFile; fileRef = C06589DF296E54B600F3FF23 /* ChatTableViewCell.swift */; };
		C06589E32972465C00F3FF23 /* UIView+Extension.swift in Sources */ = {isa = PBXBuildFile; fileRef = C06589E22972465C00F3FF23 /* UIView+Extension.swift */; };
		C0CB631D296CEF78000CF5BC /* AppDelegate.swift in Sources */ = {isa = PBXBuildFile; fileRef = C0CB631C296CEF78000CF5BC /* AppDelegate.swift */; };
		C0CB631F296CEF78000CF5BC /* SceneDelegate.swift in Sources */ = {isa = PBXBuildFile; fileRef = C0CB631E296CEF78000CF5BC /* SceneDelegate.swift */; };
		C0CB6321296CEF78000CF5BC /* ChatViewController.swift in Sources */ = {isa = PBXBuildFile; fileRef = C0CB6320296CEF78000CF5BC /* ChatViewController.swift */; };
		C0CB6326296CEF7C000CF5BC /* Assets.xcassets in Resources */ = {isa = PBXBuildFile; fileRef = C0CB6325296CEF7C000CF5BC /* Assets.xcassets */; };
		C0CB6329296CEF7C000CF5BC /* LaunchScreen.storyboard in Resources */ = {isa = PBXBuildFile; fileRef = C0CB6327296CEF7C000CF5BC /* LaunchScreen.storyboard */; };
		C0CB6332296CF0C9000CF5BC /* NetworkService.swift in Sources */ = {isa = PBXBuildFile; fileRef = C0CB6331296CF0C9000CF5BC /* NetworkService.swift */; };
		C0CB6335296CF131000CF5BC /* Alamofire in Frameworks */ = {isa = PBXBuildFile; productRef = C0CB6334296CF131000CF5BC /* Alamofire */; };
		C0CB6337296CF2E4000CF5BC /* DevProps.plist in Resources */ = {isa = PBXBuildFile; fileRef = C0CB6336296CF2E4000CF5BC /* DevProps.plist */; };
		C0CB6339296CF361000CF5BC /* Router.swift in Sources */ = {isa = PBXBuildFile; fileRef = C0CB6338296CF361000CF5BC /* Router.swift */; };
		C0CB633C296CF8DA000CF5BC /* Conversation.swift in Sources */ = {isa = PBXBuildFile; fileRef = C0CB633B296CF8DA000CF5BC /* Conversation.swift */; };
		C0CB633F296D051A000CF5BC /* AlamofireNetworkActivityLogger in Frameworks */ = {isa = PBXBuildFile; productRef = C0CB633E296D051A000CF5BC /* AlamofireNetworkActivityLogger */; };
		C0CB6341296D0DF2000CF5BC /* AppConstants.swift in Sources */ = {isa = PBXBuildFile; fileRef = C0CB6340296D0DF1000CF5BC /* AppConstants.swift */; };
		C0CB6345296D12F7000CF5BC /* ChatView.swift in Sources */ = {isa = PBXBuildFile; fileRef = C0CB6344296D12F7000CF5BC /* ChatView.swift */; };
		C0CB6347296D1302000CF5BC /* ChatViewModel.swift in Sources */ = {isa = PBXBuildFile; fileRef = C0CB6346296D1301000CF5BC /* ChatViewModel.swift */; };
		C0CB6349296D1362000CF5BC /* ViewCodable.swift in Sources */ = {isa = PBXBuildFile; fileRef = C0CB6348296D1362000CF5BC /* ViewCodable.swift */; };
/* End PBXBuildFile section */

/* Begin PBXFileReference section */
		C06589DD296E547000F3FF23 /* Message.swift */ = {isa = PBXFileReference; lastKnownFileType = sourcecode.swift; path = Message.swift; sourceTree = "<group>"; };
		C06589DF296E54B600F3FF23 /* ChatTableViewCell.swift */ = {isa = PBXFileReference; lastKnownFileType = sourcecode.swift; path = ChatTableViewCell.swift; sourceTree = "<group>"; };
		C06589E22972465C00F3FF23 /* UIView+Extension.swift */ = {isa = PBXFileReference; lastKnownFileType = sourcecode.swift; path = "UIView+Extension.swift"; sourceTree = "<group>"; };
		C0CB6319296CEF78000CF5BC /* iBrain.app */ = {isa = PBXFileReference; explicitFileType = wrapper.application; includeInIndex = 0; path = iBrain.app; sourceTree = BUILT_PRODUCTS_DIR; };
		C0CB631C296CEF78000CF5BC /* AppDelegate.swift */ = {isa = PBXFileReference; lastKnownFileType = sourcecode.swift; path = AppDelegate.swift; sourceTree = "<group>"; };
		C0CB631E296CEF78000CF5BC /* SceneDelegate.swift */ = {isa = PBXFileReference; lastKnownFileType = sourcecode.swift; path = SceneDelegate.swift; sourceTree = "<group>"; };
		C0CB6320296CEF78000CF5BC /* ChatViewController.swift */ = {isa = PBXFileReference; lastKnownFileType = sourcecode.swift; path = ChatViewController.swift; sourceTree = "<group>"; };
		C0CB6325296CEF7C000CF5BC /* Assets.xcassets */ = {isa = PBXFileReference; lastKnownFileType = folder.assetcatalog; path = Assets.xcassets; sourceTree = "<group>"; };
		C0CB6328296CEF7C000CF5BC /* Base */ = {isa = PBXFileReference; lastKnownFileType = file.storyboard; name = Base; path = Base.lproj/LaunchScreen.storyboard; sourceTree = "<group>"; };
		C0CB632A296CEF7C000CF5BC /* Info.plist */ = {isa = PBXFileReference; lastKnownFileType = text.plist.xml; path = Info.plist; sourceTree = "<group>"; };
		C0CB6331296CF0C9000CF5BC /* NetworkService.swift */ = {isa = PBXFileReference; lastKnownFileType = sourcecode.swift; path = NetworkService.swift; sourceTree = "<group>"; };
		C0CB6336296CF2E4000CF5BC /* DevProps.plist */ = {isa = PBXFileReference; lastKnownFileType = text.plist.xml; path = DevProps.plist; sourceTree = "<group>"; };
		C0CB6338296CF361000CF5BC /* Router.swift */ = {isa = PBXFileReference; lastKnownFileType = sourcecode.swift; path = Router.swift; sourceTree = "<group>"; };
		C0CB633B296CF8DA000CF5BC /* Conversation.swift */ = {isa = PBXFileReference; lastKnownFileType = sourcecode.swift; path = Conversation.swift; sourceTree = "<group>"; };
		C0CB6340296D0DF1000CF5BC /* AppConstants.swift */ = {isa = PBXFileReference; lastKnownFileType = sourcecode.swift; path = AppConstants.swift; sourceTree = "<group>"; };
		C0CB6344296D12F7000CF5BC /* ChatView.swift */ = {isa = PBXFileReference; lastKnownFileType = sourcecode.swift; path = ChatView.swift; sourceTree = "<group>"; };
		C0CB6346296D1301000CF5BC /* ChatViewModel.swift */ = {isa = PBXFileReference; lastKnownFileType = sourcecode.swift; path = ChatViewModel.swift; sourceTree = "<group>"; };
		C0CB6348296D1362000CF5BC /* ViewCodable.swift */ = {isa = PBXFileReference; lastKnownFileType = sourcecode.swift; path = ViewCodable.swift; sourceTree = "<group>"; };
/* End PBXFileReference section */

/* Begin PBXFrameworksBuildPhase section */
		C0CB6316296CEF78000CF5BC /* Frameworks */ = {
			isa = PBXFrameworksBuildPhase;
			buildActionMask = 2147483647;
			files = (
				C06589DC296E3CF300F3FF23 /* SnapKit in Frameworks */,
				C0CB6335296CF131000CF5BC /* Alamofire in Frameworks */,
				C0CB633F296D051A000CF5BC /* AlamofireNetworkActivityLogger in Frameworks */,
			);
			runOnlyForDeploymentPostprocessing = 0;
		};
/* End PBXFrameworksBuildPhase section */

/* Begin PBXGroup section */
		C06589E12972464700F3FF23 /* Extensions */ = {
			isa = PBXGroup;
			children = (
				C06589E22972465C00F3FF23 /* UIView+Extension.swift */,
			);
			path = Extensions;
			sourceTree = "<group>";
		};
		C0CB6310296CEF78000CF5BC = {
			isa = PBXGroup;
			children = (
				C0CB631B296CEF78000CF5BC /* iBrain */,
				C0CB631A296CEF78000CF5BC /* Products */,
			);
			sourceTree = "<group>";
		};
		C0CB631A296CEF78000CF5BC /* Products */ = {
			isa = PBXGroup;
			children = (
				C0CB6319296CEF78000CF5BC /* iBrain.app */,
			);
			name = Products;
			sourceTree = "<group>";
		};
		C0CB631B296CEF78000CF5BC /* iBrain */ = {
			isa = PBXGroup;
			children = (
				C06589E12972464700F3FF23 /* Extensions */,
				C0CB6342296D122A000CF5BC /* Presentation */,
				C0CB633A296CF8CD000CF5BC /* Model */,
				C0CB6330296CF06E000CF5BC /* Infra */,
				C0CB631C296CEF78000CF5BC /* AppDelegate.swift */,
				C0CB631E296CEF78000CF5BC /* SceneDelegate.swift */,
				C0CB6325296CEF7C000CF5BC /* Assets.xcassets */,
				C0CB6327296CEF7C000CF5BC /* LaunchScreen.storyboard */,
				C0CB632A296CEF7C000CF5BC /* Info.plist */,
				C0CB6336296CF2E4000CF5BC /* DevProps.plist */,
			);
			path = iBrain;
			sourceTree = "<group>";
		};
		C0CB6330296CF06E000CF5BC /* Infra */ = {
			isa = PBXGroup;
			children = (
				C0CB6331296CF0C9000CF5BC /* NetworkService.swift */,
				C0CB6338296CF361000CF5BC /* Router.swift */,
				C0CB6340296D0DF1000CF5BC /* AppConstants.swift */,
				C0CB6348296D1362000CF5BC /* ViewCodable.swift */,
			);
			path = Infra;
			sourceTree = "<group>";
		};
		C0CB633A296CF8CD000CF5BC /* Model */ = {
			isa = PBXGroup;
			children = (
				C0CB633B296CF8DA000CF5BC /* Conversation.swift */,
				C06589DD296E547000F3FF23 /* Message.swift */,
			);
			path = Model;
			sourceTree = "<group>";
		};
		C0CB6342296D122A000CF5BC /* Presentation */ = {
			isa = PBXGroup;
			children = (
				C0CB6343296D1236000CF5BC /* Chat */,
			);
			path = Presentation;
			sourceTree = "<group>";
		};
		C0CB6343296D1236000CF5BC /* Chat */ = {
			isa = PBXGroup;
			children = (
				C0CB6320296CEF78000CF5BC /* ChatViewController.swift */,
				C0CB6344296D12F7000CF5BC /* ChatView.swift */,
				C0CB6346296D1301000CF5BC /* ChatViewModel.swift */,
				C06589DF296E54B600F3FF23 /* ChatTableViewCell.swift */,
			);
			path = Chat;
			sourceTree = "<group>";
		};
/* End PBXGroup section */

/* Begin PBXNativeTarget section */
		C0CB6318296CEF78000CF5BC /* iBrain */ = {
			isa = PBXNativeTarget;
			buildConfigurationList = C0CB632D296CEF7C000CF5BC /* Build configuration list for PBXNativeTarget "iBrain" */;
			buildPhases = (
				C0CB6315296CEF78000CF5BC /* Sources */,
				C0CB6316296CEF78000CF5BC /* Frameworks */,
				C0CB6317296CEF78000CF5BC /* Resources */,
			);
			buildRules = (
			);
			dependencies = (
			);
			name = iBrain;
			packageProductDependencies = (
				C0CB6334296CF131000CF5BC /* Alamofire */,
				C0CB633E296D051A000CF5BC /* AlamofireNetworkActivityLogger */,
				C06589DB296E3CF300F3FF23 /* SnapKit */,
			);
			productName = iBrain;
			productReference = C0CB6319296CEF78000CF5BC /* iBrain.app */;
			productType = "com.apple.product-type.application";
		};
/* End PBXNativeTarget section */

/* Begin PBXProject section */
		C0CB6311296CEF78000CF5BC /* Project object */ = {
			isa = PBXProject;
			attributes = {
				BuildIndependentTargetsInParallel = 1;
				LastSwiftUpdateCheck = 1410;
				LastUpgradeCheck = 1410;
				TargetAttributes = {
					C0CB6318296CEF78000CF5BC = {
						CreatedOnToolsVersion = 14.1;
					};
				};
			};
			buildConfigurationList = C0CB6314296CEF78000CF5BC /* Build configuration list for PBXProject "iBrain" */;
			compatibilityVersion = "Xcode 14.0";
			developmentRegion = en;
			hasScannedForEncodings = 0;
			knownRegions = (
				en,
				Base,
			);
			mainGroup = C0CB6310296CEF78000CF5BC;
			packageReferences = (
				C0CB6333296CF131000CF5BC /* XCRemoteSwiftPackageReference "Alamofire" */,
				C0CB633D296D051A000CF5BC /* XCRemoteSwiftPackageReference "AlamofireNetworkActivityLogger" */,
				C06589DA296E3CF300F3FF23 /* XCRemoteSwiftPackageReference "SnapKit" */,
			);
			productRefGroup = C0CB631A296CEF78000CF5BC /* Products */;
			projectDirPath = "";
			projectRoot = "";
			targets = (
				C0CB6318296CEF78000CF5BC /* iBrain */,
			);
		};
/* End PBXProject section */

/* Begin PBXResourcesBuildPhase section */
		C0CB6317296CEF78000CF5BC /* Resources */ = {
			isa = PBXResourcesBuildPhase;
			buildActionMask = 2147483647;
			files = (
				C0CB6329296CEF7C000CF5BC /* LaunchScreen.storyboard in Resources */,
				C0CB6326296CEF7C000CF5BC /* Assets.xcassets in Resources */,
				C0CB6337296CF2E4000CF5BC /* DevProps.plist in Resources */,
			);
			runOnlyForDeploymentPostprocessing = 0;
		};
/* End PBXResourcesBuildPhase section */

/* Begin PBXSourcesBuildPhase section */
		C0CB6315296CEF78000CF5BC /* Sources */ = {
			isa = PBXSourcesBuildPhase;
			buildActionMask = 2147483647;
			files = (
				C0CB633C296CF8DA000CF5BC /* Conversation.swift in Sources */,
				C0CB6321296CEF78000CF5BC /* ChatViewController.swift in Sources */,
				C0CB631D296CEF78000CF5BC /* AppDelegate.swift in Sources */,
				C0CB6339296CF361000CF5BC /* Router.swift in Sources */,
				C0CB6345296D12F7000CF5BC /* ChatView.swift in Sources */,
				C06589E32972465C00F3FF23 /* UIView+Extension.swift in Sources */,
				C0CB6349296D1362000CF5BC /* ViewCodable.swift in Sources */,
				C06589DE296E547000F3FF23 /* Message.swift in Sources */,
				C0CB6341296D0DF2000CF5BC /* AppConstants.swift in Sources */,
				C0CB6332296CF0C9000CF5BC /* NetworkService.swift in Sources */,
				C06589E0296E54B600F3FF23 /* ChatTableViewCell.swift in Sources */,
				C0CB6347296D1302000CF5BC /* ChatViewModel.swift in Sources */,
				C0CB631F296CEF78000CF5BC /* SceneDelegate.swift in Sources */,
			);
			runOnlyForDeploymentPostprocessing = 0;
		};
/* End PBXSourcesBuildPhase section */

/* Begin PBXVariantGroup section */
		C0CB6327296CEF7C000CF5BC /* LaunchScreen.storyboard */ = {
			isa = PBXVariantGroup;
			children = (
				C0CB6328296CEF7C000CF5BC /* Base */,
			);
			name = LaunchScreen.storyboard;
			sourceTree = "<group>";
		};
/* End PBXVariantGroup section */

/* Begin XCBuildConfiguration section */
		C0CB632B296CEF7C000CF5BC /* Debug */ = {
			isa = XCBuildConfiguration;
			buildSettings = {
				ALWAYS_SEARCH_USER_PATHS = NO;
				CLANG_ANALYZER_NONNULL = YES;
				CLANG_ANALYZER_NUMBER_OBJECT_CONVERSION = YES_AGGRESSIVE;
				CLANG_CXX_LANGUAGE_STANDARD = "gnu++20";
				CLANG_ENABLE_MODULES = YES;
				CLANG_ENABLE_OBJC_ARC = YES;
				CLANG_ENABLE_OBJC_WEAK = YES;
				CLANG_WARN_BLOCK_CAPTURE_AUTORELEASING = YES;
				CLANG_WARN_BOOL_CONVERSION = YES;
				CLANG_WARN_COMMA = YES;
				CLANG_WARN_CONSTANT_CONVERSION = YES;
				CLANG_WARN_DEPRECATED_OBJC_IMPLEMENTATIONS = YES;
				CLANG_WARN_DIRECT_OBJC_ISA_USAGE = YES_ERROR;
				CLANG_WARN_DOCUMENTATION_COMMENTS = YES;
				CLANG_WARN_EMPTY_BODY = YES;
				CLANG_WARN_ENUM_CONVERSION = YES;
				CLANG_WARN_INFINITE_RECURSION = YES;
				CLANG_WARN_INT_CONVERSION = YES;
				CLANG_WARN_NON_LITERAL_NULL_CONVERSION = YES;
				CLANG_WARN_OBJC_IMPLICIT_RETAIN_SELF = YES;
				CLANG_WARN_OBJC_LITERAL_CONVERSION = YES;
				CLANG_WARN_OBJC_ROOT_CLASS = YES_ERROR;
				CLANG_WARN_QUOTED_INCLUDE_IN_FRAMEWORK_HEADER = YES;
				CLANG_WARN_RANGE_LOOP_ANALYSIS = YES;
				CLANG_WARN_STRICT_PROTOTYPES = YES;
				CLANG_WARN_SUSPICIOUS_MOVE = YES;
				CLANG_WARN_UNGUARDED_AVAILABILITY = YES_AGGRESSIVE;
				CLANG_WARN_UNREACHABLE_CODE = YES;
				CLANG_WARN__DUPLICATE_METHOD_MATCH = YES;
				COPY_PHASE_STRIP = NO;
				DEBUG_INFORMATION_FORMAT = dwarf;
				ENABLE_STRICT_OBJC_MSGSEND = YES;
				ENABLE_TESTABILITY = YES;
				GCC_C_LANGUAGE_STANDARD = gnu11;
				GCC_DYNAMIC_NO_PIC = NO;
				GCC_NO_COMMON_BLOCKS = YES;
				GCC_OPTIMIZATION_LEVEL = 0;
				GCC_PREPROCESSOR_DEFINITIONS = (
					"DEBUG=1",
					"$(inherited)",
				);
				GCC_WARN_64_TO_32_BIT_CONVERSION = YES;
				GCC_WARN_ABOUT_RETURN_TYPE = YES_ERROR;
				GCC_WARN_UNDECLARED_SELECTOR = YES;
				GCC_WARN_UNINITIALIZED_AUTOS = YES_AGGRESSIVE;
				GCC_WARN_UNUSED_FUNCTION = YES;
				GCC_WARN_UNUSED_VARIABLE = YES;
				IPHONEOS_DEPLOYMENT_TARGET = 16.1;
				MTL_ENABLE_DEBUG_INFO = INCLUDE_SOURCE;
				MTL_FAST_MATH = YES;
				ONLY_ACTIVE_ARCH = YES;
				SDKROOT = iphoneos;
				SWIFT_ACTIVE_COMPILATION_CONDITIONS = DEBUG;
				SWIFT_OPTIMIZATION_LEVEL = "-Onone";
			};
			name = Debug;
		};
		C0CB632C296CEF7C000CF5BC /* Release */ = {
			isa = XCBuildConfiguration;
			buildSettings = {
				ALWAYS_SEARCH_USER_PATHS = NO;
				CLANG_ANALYZER_NONNULL = YES;
				CLANG_ANALYZER_NUMBER_OBJECT_CONVERSION = YES_AGGRESSIVE;
				CLANG_CXX_LANGUAGE_STANDARD = "gnu++20";
				CLANG_ENABLE_MODULES = YES;
				CLANG_ENABLE_OBJC_ARC = YES;
				CLANG_ENABLE_OBJC_WEAK = YES;
				CLANG_WARN_BLOCK_CAPTURE_AUTORELEASING = YES;
				CLANG_WARN_BOOL_CONVERSION = YES;
				CLANG_WARN_COMMA = YES;
				CLANG_WARN_CONSTANT_CONVERSION = YES;
				CLANG_WARN_DEPRECATED_OBJC_IMPLEMENTATIONS = YES;
				CLANG_WARN_DIRECT_OBJC_ISA_USAGE = YES_ERROR;
				CLANG_WARN_DOCUMENTATION_COMMENTS = YES;
				CLANG_WARN_EMPTY_BODY = YES;
				CLANG_WARN_ENUM_CONVERSION = YES;
				CLANG_WARN_INFINITE_RECURSION = YES;
				CLANG_WARN_INT_CONVERSION = YES;
				CLANG_WARN_NON_LITERAL_NULL_CONVERSION = YES;
				CLANG_WARN_OBJC_IMPLICIT_RETAIN_SELF = YES;
				CLANG_WARN_OBJC_LITERAL_CONVERSION = YES;
				CLANG_WARN_OBJC_ROOT_CLASS = YES_ERROR;
				CLANG_WARN_QUOTED_INCLUDE_IN_FRAMEWORK_HEADER = YES;
				CLANG_WARN_RANGE_LOOP_ANALYSIS = YES;
				CLANG_WARN_STRICT_PROTOTYPES = YES;
				CLANG_WARN_SUSPICIOUS_MOVE = YES;
				CLANG_WARN_UNGUARDED_AVAILABILITY = YES_AGGRESSIVE;
				CLANG_WARN_UNREACHABLE_CODE = YES;
				CLANG_WARN__DUPLICATE_METHOD_MATCH = YES;
				COPY_PHASE_STRIP = NO;
				DEBUG_INFORMATION_FORMAT = "dwarf-with-dsym";
				ENABLE_NS_ASSERTIONS = NO;
				ENABLE_STRICT_OBJC_MSGSEND = YES;
				GCC_C_LANGUAGE_STANDARD = gnu11;
				GCC_NO_COMMON_BLOCKS = YES;
				GCC_WARN_64_TO_32_BIT_CONVERSION = YES;
				GCC_WARN_ABOUT_RETURN_TYPE = YES_ERROR;
				GCC_WARN_UNDECLARED_SELECTOR = YES;
				GCC_WARN_UNINITIALIZED_AUTOS = YES_AGGRESSIVE;
				GCC_WARN_UNUSED_FUNCTION = YES;
				GCC_WARN_UNUSED_VARIABLE = YES;
				IPHONEOS_DEPLOYMENT_TARGET = 16.1;
				MTL_ENABLE_DEBUG_INFO = NO;
				MTL_FAST_MATH = YES;
				SDKROOT = iphoneos;
				SWIFT_COMPILATION_MODE = wholemodule;
				SWIFT_OPTIMIZATION_LEVEL = "-O";
				VALIDATE_PRODUCT = YES;
			};
			name = Release;
		};
		C0CB632E296CEF7C000CF5BC /* Debug */ = {
			isa = XCBuildConfiguration;
			buildSettings = {
				ASSETCATALOG_COMPILER_APPICON_NAME = AppIcon;
				ASSETCATALOG_COMPILER_GLOBAL_ACCENT_COLOR_NAME = AccentColor;
				CODE_SIGN_STYLE = Automatic;
				CURRENT_PROJECT_VERSION = 1;
				DEVELOPMENT_TEAM = 7AV6XLHW8K;
				GENERATE_INFOPLIST_FILE = YES;
				INFOPLIST_FILE = iBrain/Info.plist;
				INFOPLIST_KEY_UIApplicationSupportsIndirectInputEvents = YES;
				INFOPLIST_KEY_UILaunchStoryboardName = LaunchScreen;
				INFOPLIST_KEY_UISupportedInterfaceOrientations_iPad = "UIInterfaceOrientationPortrait UIInterfaceOrientationPortraitUpsideDown UIInterfaceOrientationLandscapeLeft UIInterfaceOrientationLandscapeRight";
				INFOPLIST_KEY_UISupportedInterfaceOrientations_iPhone = "UIInterfaceOrientationPortrait UIInterfaceOrientationLandscapeLeft UIInterfaceOrientationLandscapeRight";
				LD_RUNPATH_SEARCH_PATHS = (
					"$(inherited)",
					"@executable_path/Frameworks",
				);
				MARKETING_VERSION = 1.0;
				PRODUCT_BUNDLE_IDENTIFIER = com.pixelapps.iBrain;
				PRODUCT_NAME = "$(TARGET_NAME)";
				SWIFT_EMIT_LOC_STRINGS = YES;
				SWIFT_VERSION = 5.0;
				TARGETED_DEVICE_FAMILY = "1,2";
			};
			name = Debug;
		};
		C0CB632F296CEF7C000CF5BC /* Release */ = {
			isa = XCBuildConfiguration;
			buildSettings = {
				ASSETCATALOG_COMPILER_APPICON_NAME = AppIcon;
				ASSETCATALOG_COMPILER_GLOBAL_ACCENT_COLOR_NAME = AccentColor;
				CODE_SIGN_STYLE = Automatic;
				CURRENT_PROJECT_VERSION = 1;
				DEVELOPMENT_TEAM = 7AV6XLHW8K;
				GENERATE_INFOPLIST_FILE = YES;
				INFOPLIST_FILE = iBrain/Info.plist;
				INFOPLIST_KEY_UIApplicationSupportsIndirectInputEvents = YES;
				INFOPLIST_KEY_UILaunchStoryboardName = LaunchScreen;
				INFOPLIST_KEY_UISupportedInterfaceOrientations_iPad = "UIInterfaceOrientationPortrait UIInterfaceOrientationPortraitUpsideDown UIInterfaceOrientationLandscapeLeft UIInterfaceOrientationLandscapeRight";
				INFOPLIST_KEY_UISupportedInterfaceOrientations_iPhone = "UIInterfaceOrientationPortrait UIInterfaceOrientationLandscapeLeft UIInterfaceOrientationLandscapeRight";
				LD_RUNPATH_SEARCH_PATHS = (
					"$(inherited)",
					"@executable_path/Frameworks",
				);
				MARKETING_VERSION = 1.0;
				PRODUCT_BUNDLE_IDENTIFIER = com.pixelapps.iBrain;
				PRODUCT_NAME = "$(TARGET_NAME)";
				SWIFT_EMIT_LOC_STRINGS = YES;
				SWIFT_VERSION = 5.0;
				TARGETED_DEVICE_FAMILY = "1,2";
			};
			name = Release;
		};
/* End XCBuildConfiguration section */

/* Begin XCConfigurationList section */
		C0CB6314296CEF78000CF5BC /* Build configuration list for PBXProject "iBrain" */ = {
			isa = XCConfigurationList;
			buildConfigurations = (
				C0CB632B296CEF7C000CF5BC /* Debug */,
				C0CB632C296CEF7C000CF5BC /* Release */,
			);
			defaultConfigurationIsVisible = 0;
			defaultConfigurationName = Release;
		};
		C0CB632D296CEF7C000CF5BC /* Build configuration list for PBXNativeTarget "iBrain" */ = {
			isa = XCConfigurationList;
			buildConfigurations = (
				C0CB632E296CEF7C000CF5BC /* Debug */,
				C0CB632F296CEF7C000CF5BC /* Release */,
			);
			defaultConfigurationIsVisible = 0;
			defaultConfigurationName = Release;
		};
/* End XCConfigurationList section */

/* Begin XCRemoteSwiftPackageReference section */
		C06589DA296E3CF300F3FF23 /* XCRemoteSwiftPackageReference "SnapKit" */ = {
			isa = XCRemoteSwiftPackageReference;
			repositoryURL = "https://github.com/SnapKit/SnapKit";
			requirement = {
				kind = exactVersion;
				version = 5.6.0;
			};
		};
		C0CB6333296CF131000CF5BC /* XCRemoteSwiftPackageReference "Alamofire" */ = {
			isa = XCRemoteSwiftPackageReference;
			repositoryURL = "https://github.com/Alamofire/Alamofire";
			requirement = {
				kind = exactVersion;
				version = 5.6.4;
			};
		};
		C0CB633D296D051A000CF5BC /* XCRemoteSwiftPackageReference "AlamofireNetworkActivityLogger" */ = {
			isa = XCRemoteSwiftPackageReference;
			repositoryURL = "https://github.com/konkab/AlamofireNetworkActivityLogger";
			requirement = {
				kind = exactVersion;
				version = 3.4.0;
			};
		};
/* End XCRemoteSwiftPackageReference section */

/* Begin XCSwiftPackageProductDependency section */
		C06589DB296E3CF300F3FF23 /* SnapKit */ = {
			isa = XCSwiftPackageProductDependency;
			package = C06589DA296E3CF300F3FF23 /* XCRemoteSwiftPackageReference "SnapKit" */;
			productName = SnapKit;
		};
		C0CB6334296CF131000CF5BC /* Alamofire */ = {
			isa = XCSwiftPackageProductDependency;
			package = C0CB6333296CF131000CF5BC /* XCRemoteSwiftPackageReference "Alamofire" */;
			productName = Alamofire;
		};
		C0CB633E296D051A000CF5BC /* AlamofireNetworkActivityLogger */ = {
			isa = XCSwiftPackageProductDependency;
			package = C0CB633D296D051A000CF5BC /* XCRemoteSwiftPackageReference "AlamofireNetworkActivityLogger" */;
			productName = AlamofireNetworkActivityLogger;
		};
/* End XCSwiftPackageProductDependency section */
	};
	rootObject = C0CB6311296CEF78000CF5BC /* Project object */;
}
